// !$*UTF8*$!
{
	archiveVersion = 1;
	classes = {
	};
	objectVersion = 55;
	objects = {

/* Begin PBXBuildFile section */
		B6A8D4B02873EE1900EE0ACD /* TouchdownApp.swift in Sources */ = {isa = PBXBuildFile; fileRef = B6A8D4AF2873EE1900EE0ACD /* TouchdownApp.swift */; };
		B6A8D4B22873EE1900EE0ACD /* ContentView.swift in Sources */ = {isa = PBXBuildFile; fileRef = B6A8D4B12873EE1900EE0ACD /* ContentView.swift */; };
		B6A8D4B42873EE1D00EE0ACD /* Assets.xcassets in Resources */ = {isa = PBXBuildFile; fileRef = B6A8D4B32873EE1D00EE0ACD /* Assets.xcassets */; };
		B6A8D4B72873EE1D00EE0ACD /* Preview Assets.xcassets in Resources */ = {isa = PBXBuildFile; fileRef = B6A8D4B62873EE1D00EE0ACD /* Preview Assets.xcassets */; };
		B6A8D4C22873EF2200EE0ACD /* category.json in Resources */ = {isa = PBXBuildFile; fileRef = B6A8D4BE2873EF2200EE0ACD /* category.json */; };
		B6A8D4C32873EF2200EE0ACD /* player.json in Resources */ = {isa = PBXBuildFile; fileRef = B6A8D4BF2873EF2200EE0ACD /* player.json */; };
		B6A8D4C42873EF2200EE0ACD /* product.json in Resources */ = {isa = PBXBuildFile; fileRef = B6A8D4C02873EF2200EE0ACD /* product.json */; };
		B6A8D4C52873EF2200EE0ACD /* brand.json in Resources */ = {isa = PBXBuildFile; fileRef = B6A8D4C12873EF2200EE0ACD /* brand.json */; };
		B6A8D4CF2873F02B00EE0ACD /* Constant.swift in Sources */ = {isa = PBXBuildFile; fileRef = B6A8D4CE2873F02B00EE0ACD /* Constant.swift */; };
		B6A8D4D12873F08F00EE0ACD /* FooterView.swift in Sources */ = {isa = PBXBuildFile; fileRef = B6A8D4D02873F08F00EE0ACD /* FooterView.swift */; };
		B6A8D4D32873F35800EE0ACD /* NavigationBarView.swift in Sources */ = {isa = PBXBuildFile; fileRef = B6A8D4D22873F35800EE0ACD /* NavigationBarView.swift */; };
		B6A8D4D52873F41F00EE0ACD /* LogoView.swift in Sources */ = {isa = PBXBuildFile; fileRef = B6A8D4D42873F41F00EE0ACD /* LogoView.swift */; };
		B6A8D4D72873FCA900EE0ACD /* PlayerModel.swift in Sources */ = {isa = PBXBuildFile; fileRef = B6A8D4D62873FCA900EE0ACD /* PlayerModel.swift */; };
		B6A8D4D92873FCD300EE0ACD /* CodableBundleExtension.swift in Sources */ = {isa = PBXBuildFile; fileRef = B6A8D4D82873FCD300EE0ACD /* CodableBundleExtension.swift */; };
		B6A8D4DB2873FDED00EE0ACD /* FeaturedItemView.swift in Sources */ = {isa = PBXBuildFile; fileRef = B6A8D4DA2873FDED00EE0ACD /* FeaturedItemView.swift */; };
		B6A8D4DD2873FE5400EE0ACD /* FeaturedTabView.swift in Sources */ = {isa = PBXBuildFile; fileRef = B6A8D4DC2873FE5400EE0ACD /* FeaturedTabView.swift */; };
		B6A8D4DF2874051500EE0ACD /* CategoryModel.swift in Sources */ = {isa = PBXBuildFile; fileRef = B6A8D4DE2874051500EE0ACD /* CategoryModel.swift */; };
		B6A8D4E12874059E00EE0ACD /* CategoryItemView.swift in Sources */ = {isa = PBXBuildFile; fileRef = B6A8D4E02874059E00EE0ACD /* CategoryItemView.swift */; };
		B6A8D4E3287406F500EE0ACD /* CategoryGridView.swift in Sources */ = {isa = PBXBuildFile; fileRef = B6A8D4E2287406F500EE0ACD /* CategoryGridView.swift */; };
		B6A8D4E5287408FB00EE0ACD /* SectionView.swift in Sources */ = {isa = PBXBuildFile; fileRef = B6A8D4E4287408FB00EE0ACD /* SectionView.swift */; };
		B6A8D4E728740C4A00EE0ACD /* TitleView.swift in Sources */ = {isa = PBXBuildFile; fileRef = B6A8D4E628740C4A00EE0ACD /* TitleView.swift */; };
		B6A8D4E928741A4500EE0ACD /* ProductModel.swift in Sources */ = {isa = PBXBuildFile; fileRef = B6A8D4E828741A4500EE0ACD /* ProductModel.swift */; };
		B6A8D4EB28741C2200EE0ACD /* ProductItemView.swift in Sources */ = {isa = PBXBuildFile; fileRef = B6A8D4EA28741C2200EE0ACD /* ProductItemView.swift */; };
		B6E53320287422C000469F8C /* BrandModel.swift in Sources */ = {isa = PBXBuildFile; fileRef = B6E5331F287422C000469F8C /* BrandModel.swift */; };
		B6E53322287422F600469F8C /* BrandItemView.swift in Sources */ = {isa = PBXBuildFile; fileRef = B6E53321287422F600469F8C /* BrandItemView.swift */; };
		B6E533242874236300469F8C /* BrandGridView.swift in Sources */ = {isa = PBXBuildFile; fileRef = B6E533232874236300469F8C /* BrandGridView.swift */; };
/* End PBXBuildFile section */

/* Begin PBXFileReference section */
		B6A8D4AC2873EE1900EE0ACD /* Touchdown.app */ = {isa = PBXFileReference; explicitFileType = wrapper.application; includeInIndex = 0; path = Touchdown.app; sourceTree = BUILT_PRODUCTS_DIR; };
		B6A8D4AF2873EE1900EE0ACD /* TouchdownApp.swift */ = {isa = PBXFileReference; lastKnownFileType = sourcecode.swift; path = TouchdownApp.swift; sourceTree = "<group>"; };
		B6A8D4B12873EE1900EE0ACD /* ContentView.swift */ = {isa = PBXFileReference; lastKnownFileType = sourcecode.swift; path = ContentView.swift; sourceTree = "<group>"; };
		B6A8D4B32873EE1D00EE0ACD /* Assets.xcassets */ = {isa = PBXFileReference; lastKnownFileType = folder.assetcatalog; path = Assets.xcassets; sourceTree = "<group>"; };
		B6A8D4B62873EE1D00EE0ACD /* Preview Assets.xcassets */ = {isa = PBXFileReference; lastKnownFileType = folder.assetcatalog; path = "Preview Assets.xcassets"; sourceTree = "<group>"; };
		B6A8D4BE2873EF2200EE0ACD /* category.json */ = {isa = PBXFileReference; fileEncoding = 4; lastKnownFileType = text.json; path = category.json; sourceTree = "<group>"; };
		B6A8D4BF2873EF2200EE0ACD /* player.json */ = {isa = PBXFileReference; fileEncoding = 4; lastKnownFileType = text.json; path = player.json; sourceTree = "<group>"; };
		B6A8D4C02873EF2200EE0ACD /* product.json */ = {isa = PBXFileReference; fileEncoding = 4; lastKnownFileType = text.json; path = product.json; sourceTree = "<group>"; };
		B6A8D4C12873EF2200EE0ACD /* brand.json */ = {isa = PBXFileReference; fileEncoding = 4; lastKnownFileType = text.json; path = brand.json; sourceTree = "<group>"; };
		B6A8D4C62873EF5800EE0ACD /* Info.plist */ = {isa = PBXFileReference; lastKnownFileType = text.plist; path = Info.plist; sourceTree = "<group>"; };
		B6A8D4CE2873F02B00EE0ACD /* Constant.swift */ = {isa = PBXFileReference; lastKnownFileType = sourcecode.swift; path = Constant.swift; sourceTree = "<group>"; };
		B6A8D4D02873F08F00EE0ACD /* FooterView.swift */ = {isa = PBXFileReference; lastKnownFileType = sourcecode.swift; path = FooterView.swift; sourceTree = "<group>"; };
		B6A8D4D22873F35800EE0ACD /* NavigationBarView.swift */ = {isa = PBXFileReference; lastKnownFileType = sourcecode.swift; path = NavigationBarView.swift; sourceTree = "<group>"; };
		B6A8D4D42873F41F00EE0ACD /* LogoView.swift */ = {isa = PBXFileReference; lastKnownFileType = sourcecode.swift; path = LogoView.swift; sourceTree = "<group>"; };
		B6A8D4D62873FCA900EE0ACD /* PlayerModel.swift */ = {isa = PBXFileReference; lastKnownFileType = sourcecode.swift; path = PlayerModel.swift; sourceTree = "<group>"; };
		B6A8D4D82873FCD300EE0ACD /* CodableBundleExtension.swift */ = {isa = PBXFileReference; lastKnownFileType = sourcecode.swift; path = CodableBundleExtension.swift; sourceTree = "<group>"; };
		B6A8D4DA2873FDED00EE0ACD /* FeaturedItemView.swift */ = {isa = PBXFileReference; lastKnownFileType = sourcecode.swift; path = FeaturedItemView.swift; sourceTree = "<group>"; };
		B6A8D4DC2873FE5400EE0ACD /* FeaturedTabView.swift */ = {isa = PBXFileReference; lastKnownFileType = sourcecode.swift; path = FeaturedTabView.swift; sourceTree = "<group>"; };
		B6A8D4DE2874051500EE0ACD /* CategoryModel.swift */ = {isa = PBXFileReference; lastKnownFileType = sourcecode.swift; path = CategoryModel.swift; sourceTree = "<group>"; };
		B6A8D4E02874059E00EE0ACD /* CategoryItemView.swift */ = {isa = PBXFileReference; lastKnownFileType = sourcecode.swift; path = CategoryItemView.swift; sourceTree = "<group>"; };
		B6A8D4E2287406F500EE0ACD /* CategoryGridView.swift */ = {isa = PBXFileReference; lastKnownFileType = sourcecode.swift; path = CategoryGridView.swift; sourceTree = "<group>"; };
		B6A8D4E4287408FB00EE0ACD /* SectionView.swift */ = {isa = PBXFileReference; lastKnownFileType = sourcecode.swift; path = SectionView.swift; sourceTree = "<group>"; };
		B6A8D4E628740C4A00EE0ACD /* TitleView.swift */ = {isa = PBXFileReference; lastKnownFileType = sourcecode.swift; path = TitleView.swift; sourceTree = "<group>"; };
		B6A8D4E828741A4500EE0ACD /* ProductModel.swift */ = {isa = PBXFileReference; lastKnownFileType = sourcecode.swift; path = ProductModel.swift; sourceTree = "<group>"; };
		B6A8D4EA28741C2200EE0ACD /* ProductItemView.swift */ = {isa = PBXFileReference; lastKnownFileType = sourcecode.swift; path = ProductItemView.swift; sourceTree = "<group>"; };
		B6E5331F287422C000469F8C /* BrandModel.swift */ = {isa = PBXFileReference; lastKnownFileType = sourcecode.swift; path = BrandModel.swift; sourceTree = "<group>"; };
		B6E53321287422F600469F8C /* BrandItemView.swift */ = {isa = PBXFileReference; lastKnownFileType = sourcecode.swift; path = BrandItemView.swift; sourceTree = "<group>"; };
		B6E533232874236300469F8C /* BrandGridView.swift */ = {isa = PBXFileReference; lastKnownFileType = sourcecode.swift; path = BrandGridView.swift; sourceTree = "<group>"; };
/* End PBXFileReference section */

/* Begin PBXFrameworksBuildPhase section */
		B6A8D4A92873EE1900EE0ACD /* Frameworks */ = {
			isa = PBXFrameworksBuildPhase;
			buildActionMask = 2147483647;
			files = (
			);
			runOnlyForDeploymentPostprocessing = 0;
		};
/* End PBXFrameworksBuildPhase section */

/* Begin PBXGroup section */
		B6A8D4A32873EE1900EE0ACD = {
			isa = PBXGroup;
			children = (
				B6A8D4AE2873EE1900EE0ACD /* Touchdown */,
				B6A8D4AD2873EE1900EE0ACD /* Products */,
			);
			sourceTree = "<group>";
		};
		B6A8D4AD2873EE1900EE0ACD /* Products */ = {
			isa = PBXGroup;
			children = (
				B6A8D4AC2873EE1900EE0ACD /* Touchdown.app */,
			);
			name = Products;
			sourceTree = "<group>";
		};
		B6A8D4AE2873EE1900EE0ACD /* Touchdown */ = {
			isa = PBXGroup;
			children = (
				B6A8D4C72873EF8C00EE0ACD /* App */,
				B6A8D4C82873EFA000EE0ACD /* View */,
				B6A8D4CB2873EFB000EE0ACD /* Model */,
				B6A8D4BD2873EF1600EE0ACD /* Data */,
				B6A8D4CD2873EFBD00EE0ACD /* Utility */,
				B6A8D4CC2873EFB700EE0ACD /* Extension */,
				B6A8D4C62873EF5800EE0ACD /* Info.plist */,
				B6A8D4B32873EE1D00EE0ACD /* Assets.xcassets */,
				B6A8D4B52873EE1D00EE0ACD /* Preview Content */,
			);
			path = Touchdown;
			sourceTree = "<group>";
		};
		B6A8D4B52873EE1D00EE0ACD /* Preview Content */ = {
			isa = PBXGroup;
			children = (
				B6A8D4B62873EE1D00EE0ACD /* Preview Assets.xcassets */,
			);
			path = "Preview Content";
			sourceTree = "<group>";
		};
		B6A8D4BD2873EF1600EE0ACD /* Data */ = {
			isa = PBXGroup;
			children = (
				B6A8D4C12873EF2200EE0ACD /* brand.json */,
				B6A8D4BE2873EF2200EE0ACD /* category.json */,
				B6A8D4BF2873EF2200EE0ACD /* player.json */,
				B6A8D4C02873EF2200EE0ACD /* product.json */,
			);
			path = Data;
			sourceTree = "<group>";
		};
		B6A8D4C72873EF8C00EE0ACD /* App */ = {
			isa = PBXGroup;
			children = (
				B6A8D4AF2873EE1900EE0ACD /* TouchdownApp.swift */,
				B6A8D4B12873EE1900EE0ACD /* ContentView.swift */,
			);
			path = App;
			sourceTree = "<group>";
		};
		B6A8D4C82873EFA000EE0ACD /* View */ = {
			isa = PBXGroup;
			children = (
				B6A8D4C92873EFA500EE0ACD /* Home */,
				B6A8D4CA2873EFAA00EE0ACD /* Detail */,
			);
			path = View;
			sourceTree = "<group>";
		};
		B6A8D4C92873EFA500EE0ACD /* Home */ = {
			isa = PBXGroup;
			children = (
				B6A8D4D02873F08F00EE0ACD /* FooterView.swift */,
				B6A8D4D22873F35800EE0ACD /* NavigationBarView.swift */,
				B6A8D4D42873F41F00EE0ACD /* LogoView.swift */,
				B6A8D4DA2873FDED00EE0ACD /* FeaturedItemView.swift */,
				B6A8D4DC2873FE5400EE0ACD /* FeaturedTabView.swift */,
				B6A8D4E02874059E00EE0ACD /* CategoryItemView.swift */,
				B6A8D4E2287406F500EE0ACD /* CategoryGridView.swift */,
				B6A8D4E4287408FB00EE0ACD /* SectionView.swift */,
				B6A8D4E628740C4A00EE0ACD /* TitleView.swift */,
				B6A8D4EA28741C2200EE0ACD /* ProductItemView.swift */,
				B6E53321287422F600469F8C /* BrandItemView.swift */,
				B6E533232874236300469F8C /* BrandGridView.swift */,
			);
			path = Home;
			sourceTree = "<group>";
		};
		B6A8D4CA2873EFAA00EE0ACD /* Detail */ = {
			isa = PBXGroup;
			children = (
			);
			path = Detail;
			sourceTree = "<group>";
		};
		B6A8D4CB2873EFB000EE0ACD /* Model */ = {
			isa = PBXGroup;
			children = (
				B6A8D4D62873FCA900EE0ACD /* PlayerModel.swift */,
				B6A8D4DE2874051500EE0ACD /* CategoryModel.swift */,
				B6A8D4E828741A4500EE0ACD /* ProductModel.swift */,
				B6E5331F287422C000469F8C /* BrandModel.swift */,
			);
			path = Model;
			sourceTree = "<group>";
		};
		B6A8D4CC2873EFB700EE0ACD /* Extension */ = {
			isa = PBXGroup;
			children = (
				B6A8D4D82873FCD300EE0ACD /* CodableBundleExtension.swift */,
			);
			path = Extension;
			sourceTree = "<group>";
		};
		B6A8D4CD2873EFBD00EE0ACD /* Utility */ = {
			isa = PBXGroup;
			children = (
				B6A8D4CE2873F02B00EE0ACD /* Constant.swift */,
			);
			path = Utility;
			sourceTree = "<group>";
		};
/* End PBXGroup section */

/* Begin PBXNativeTarget section */
		B6A8D4AB2873EE1900EE0ACD /* Touchdown */ = {
			isa = PBXNativeTarget;
			buildConfigurationList = B6A8D4BA2873EE1D00EE0ACD /* Build configuration list for PBXNativeTarget "Touchdown" */;
			buildPhases = (
				B6A8D4A82873EE1900EE0ACD /* Sources */,
				B6A8D4A92873EE1900EE0ACD /* Frameworks */,
				B6A8D4AA2873EE1900EE0ACD /* Resources */,
			);
			buildRules = (
			);
			dependencies = (
			);
			name = Touchdown;
			productName = Touchdown;
			productReference = B6A8D4AC2873EE1900EE0ACD /* Touchdown.app */;
			productType = "com.apple.product-type.application";
		};
/* End PBXNativeTarget section */

/* Begin PBXProject section */
		B6A8D4A42873EE1900EE0ACD /* Project object */ = {
			isa = PBXProject;
			attributes = {
				BuildIndependentTargetsInParallel = 1;
				LastSwiftUpdateCheck = 1340;
				LastUpgradeCheck = 1340;
				TargetAttributes = {
					B6A8D4AB2873EE1900EE0ACD = {
						CreatedOnToolsVersion = 13.4.1;
					};
				};
			};
			buildConfigurationList = B6A8D4A72873EE1900EE0ACD /* Build configuration list for PBXProject "Touchdown" */;
			compatibilityVersion = "Xcode 13.0";
			developmentRegion = en;
			hasScannedForEncodings = 0;
			knownRegions = (
				en,
				Base,
			);
			mainGroup = B6A8D4A32873EE1900EE0ACD;
			productRefGroup = B6A8D4AD2873EE1900EE0ACD /* Products */;
			projectDirPath = "";
			projectRoot = "";
			targets = (
				B6A8D4AB2873EE1900EE0ACD /* Touchdown */,
			);
		};
/* End PBXProject section */

/* Begin PBXResourcesBuildPhase section */
		B6A8D4AA2873EE1900EE0ACD /* Resources */ = {
			isa = PBXResourcesBuildPhase;
			buildActionMask = 2147483647;
			files = (
				B6A8D4C32873EF2200EE0ACD /* player.json in Resources */,
				B6A8D4C22873EF2200EE0ACD /* category.json in Resources */,
				B6A8D4B72873EE1D00EE0ACD /* Preview Assets.xcassets in Resources */,
				B6A8D4B42873EE1D00EE0ACD /* Assets.xcassets in Resources */,
				B6A8D4C42873EF2200EE0ACD /* product.json in Resources */,
				B6A8D4C52873EF2200EE0ACD /* brand.json in Resources */,
			);
			runOnlyForDeploymentPostprocessing = 0;
		};
/* End PBXResourcesBuildPhase section */

/* Begin PBXSourcesBuildPhase section */
		B6A8D4A82873EE1900EE0ACD /* Sources */ = {
			isa = PBXSourcesBuildPhase;
			buildActionMask = 2147483647;
			files = (
				B6A8D4D92873FCD300EE0ACD /* CodableBundleExtension.swift in Sources */,
				B6A8D4B22873EE1900EE0ACD /* ContentView.swift in Sources */,
				B6A8D4D52873F41F00EE0ACD /* LogoView.swift in Sources */,
				B6A8D4D12873F08F00EE0ACD /* FooterView.swift in Sources */,
				B6A8D4DB2873FDED00EE0ACD /* FeaturedItemView.swift in Sources */,
				B6A8D4EB28741C2200EE0ACD /* ProductItemView.swift in Sources */,
				B6E533242874236300469F8C /* BrandGridView.swift in Sources */,
				B6A8D4B02873EE1900EE0ACD /* TouchdownApp.swift in Sources */,
				B6A8D4CF2873F02B00EE0ACD /* Constant.swift in Sources */,
				B6A8D4E3287406F500EE0ACD /* CategoryGridView.swift in Sources */,
				B6A8D4DF2874051500EE0ACD /* CategoryModel.swift in Sources */,
				B6A8D4D32873F35800EE0ACD /* NavigationBarView.swift in Sources */,
				B6A8D4E5287408FB00EE0ACD /* SectionView.swift in Sources */,
				B6E53322287422F600469F8C /* BrandItemView.swift in Sources */,
				B6A8D4E12874059E00EE0ACD /* CategoryItemView.swift in Sources */,
				B6A8D4DD2873FE5400EE0ACD /* FeaturedTabView.swift in Sources */,
				B6A8D4D72873FCA900EE0ACD /* PlayerModel.swift in Sources */,
				B6E53320287422C000469F8C /* BrandModel.swift in Sources */,
				B6A8D4E728740C4A00EE0ACD /* TitleView.swift in Sources */,
				B6A8D4E928741A4500EE0ACD /* ProductModel.swift in Sources */,
			);
			runOnlyForDeploymentPostprocessing = 0;
		};
/* End PBXSourcesBuildPhase section */

/* Begin XCBuildConfiguration section */
		B6A8D4B82873EE1D00EE0ACD /* Debug */ = {
			isa = XCBuildConfiguration;
			buildSettings = {
				ALWAYS_SEARCH_USER_PATHS = NO;
				CLANG_ANALYZER_NONNULL = YES;
				CLANG_ANALYZER_NUMBER_OBJECT_CONVERSION = YES_AGGRESSIVE;
				CLANG_CXX_LANGUAGE_STANDARD = "gnu++17";
				CLANG_ENABLE_MODULES = YES;
				CLANG_ENABLE_OBJC_ARC = YES;
				CLANG_ENABLE_OBJC_WEAK = YES;
				CLANG_WARN_BLOCK_CAPTURE_AUTORELEASING = YES;
				CLANG_WARN_BOOL_CONVERSION = YES;
				CLANG_WARN_COMMA = YES;
				CLANG_WARN_CONSTANT_CONVERSION = YES;
				CLANG_WARN_DEPRECATED_OBJC_IMPLEMENTATIONS = YES;
				CLANG_WARN_DIRECT_OBJC_ISA_USAGE = YES_ERROR;
				CLANG_WARN_DOCUMENTATION_COMMENTS = YES;
				CLANG_WARN_EMPTY_BODY = YES;
				CLANG_WARN_ENUM_CONVERSION = YES;
				CLANG_WARN_INFINITE_RECURSION = YES;
				CLANG_WARN_INT_CONVERSION = YES;
				CLANG_WARN_NON_LITERAL_NULL_CONVERSION = YES;
				CLANG_WARN_OBJC_IMPLICIT_RETAIN_SELF = YES;
				CLANG_WARN_OBJC_LITERAL_CONVERSION = YES;
				CLANG_WARN_OBJC_ROOT_CLASS = YES_ERROR;
				CLANG_WARN_QUOTED_INCLUDE_IN_FRAMEWORK_HEADER = YES;
				CLANG_WARN_RANGE_LOOP_ANALYSIS = YES;
				CLANG_WARN_STRICT_PROTOTYPES = YES;
				CLANG_WARN_SUSPICIOUS_MOVE = YES;
				CLANG_WARN_UNGUARDED_AVAILABILITY = YES_AGGRESSIVE;
				CLANG_WARN_UNREACHABLE_CODE = YES;
				CLANG_WARN__DUPLICATE_METHOD_MATCH = YES;
				COPY_PHASE_STRIP = NO;
				DEBUG_INFORMATION_FORMAT = dwarf;
				ENABLE_STRICT_OBJC_MSGSEND = YES;
				ENABLE_TESTABILITY = YES;
				GCC_C_LANGUAGE_STANDARD = gnu11;
				GCC_DYNAMIC_NO_PIC = NO;
				GCC_NO_COMMON_BLOCKS = YES;
				GCC_OPTIMIZATION_LEVEL = 0;
				GCC_PREPROCESSOR_DEFINITIONS = (
					"DEBUG=1",
					"$(inherited)",
				);
				GCC_WARN_64_TO_32_BIT_CONVERSION = YES;
				GCC_WARN_ABOUT_RETURN_TYPE = YES_ERROR;
				GCC_WARN_UNDECLARED_SELECTOR = YES;
				GCC_WARN_UNINITIALIZED_AUTOS = YES_AGGRESSIVE;
				GCC_WARN_UNUSED_FUNCTION = YES;
				GCC_WARN_UNUSED_VARIABLE = YES;
				IPHONEOS_DEPLOYMENT_TARGET = 15.5;
				MTL_ENABLE_DEBUG_INFO = INCLUDE_SOURCE;
				MTL_FAST_MATH = YES;
				ONLY_ACTIVE_ARCH = YES;
				SDKROOT = iphoneos;
				SWIFT_ACTIVE_COMPILATION_CONDITIONS = DEBUG;
				SWIFT_OPTIMIZATION_LEVEL = "-Onone";
			};
			name = Debug;
		};
		B6A8D4B92873EE1D00EE0ACD /* Release */ = {
			isa = XCBuildConfiguration;
			buildSettings = {
				ALWAYS_SEARCH_USER_PATHS = NO;
				CLANG_ANALYZER_NONNULL = YES;
				CLANG_ANALYZER_NUMBER_OBJECT_CONVERSION = YES_AGGRESSIVE;
				CLANG_CXX_LANGUAGE_STANDARD = "gnu++17";
				CLANG_ENABLE_MODULES = YES;
				CLANG_ENABLE_OBJC_ARC = YES;
				CLANG_ENABLE_OBJC_WEAK = YES;
				CLANG_WARN_BLOCK_CAPTURE_AUTORELEASING = YES;
				CLANG_WARN_BOOL_CONVERSION = YES;
				CLANG_WARN_COMMA = YES;
				CLANG_WARN_CONSTANT_CONVERSION = YES;
				CLANG_WARN_DEPRECATED_OBJC_IMPLEMENTATIONS = YES;
				CLANG_WARN_DIRECT_OBJC_ISA_USAGE = YES_ERROR;
				CLANG_WARN_DOCUMENTATION_COMMENTS = YES;
				CLANG_WARN_EMPTY_BODY = YES;
				CLANG_WARN_ENUM_CONVERSION = YES;
				CLANG_WARN_INFINITE_RECURSION = YES;
				CLANG_WARN_INT_CONVERSION = YES;
				CLANG_WARN_NON_LITERAL_NULL_CONVERSION = YES;
				CLANG_WARN_OBJC_IMPLICIT_RETAIN_SELF = YES;
				CLANG_WARN_OBJC_LITERAL_CONVERSION = YES;
				CLANG_WARN_OBJC_ROOT_CLASS = YES_ERROR;
				CLANG_WARN_QUOTED_INCLUDE_IN_FRAMEWORK_HEADER = YES;
				CLANG_WARN_RANGE_LOOP_ANALYSIS = YES;
				CLANG_WARN_STRICT_PROTOTYPES = YES;
				CLANG_WARN_SUSPICIOUS_MOVE = YES;
				CLANG_WARN_UNGUARDED_AVAILABILITY = YES_AGGRESSIVE;
				CLANG_WARN_UNREACHABLE_CODE = YES;
				CLANG_WARN__DUPLICATE_METHOD_MATCH = YES;
				COPY_PHASE_STRIP = NO;
				DEBUG_INFORMATION_FORMAT = "dwarf-with-dsym";
				ENABLE_NS_ASSERTIONS = NO;
				ENABLE_STRICT_OBJC_MSGSEND = YES;
				GCC_C_LANGUAGE_STANDARD = gnu11;
				GCC_NO_COMMON_BLOCKS = YES;
				GCC_WARN_64_TO_32_BIT_CONVERSION = YES;
				GCC_WARN_ABOUT_RETURN_TYPE = YES_ERROR;
				GCC_WARN_UNDECLARED_SELECTOR = YES;
				GCC_WARN_UNINITIALIZED_AUTOS = YES_AGGRESSIVE;
				GCC_WARN_UNUSED_FUNCTION = YES;
				GCC_WARN_UNUSED_VARIABLE = YES;
				IPHONEOS_DEPLOYMENT_TARGET = 15.5;
				MTL_ENABLE_DEBUG_INFO = NO;
				MTL_FAST_MATH = YES;
				SDKROOT = iphoneos;
				SWIFT_COMPILATION_MODE = wholemodule;
				SWIFT_OPTIMIZATION_LEVEL = "-O";
				VALIDATE_PRODUCT = YES;
			};
			name = Release;
		};
		B6A8D4BB2873EE1D00EE0ACD /* Debug */ = {
			isa = XCBuildConfiguration;
			buildSettings = {
				ASSETCATALOG_COMPILER_APPICON_NAME = AppIcon;
				ASSETCATALOG_COMPILER_GLOBAL_ACCENT_COLOR_NAME = AccentColor;
				CODE_SIGN_STYLE = Automatic;
				CURRENT_PROJECT_VERSION = 1;
				DEVELOPMENT_ASSET_PATHS = "\"Touchdown/Preview Content\"";
				DEVELOPMENT_TEAM = 9P49DMB5R9;
				ENABLE_PREVIEWS = YES;
				GENERATE_INFOPLIST_FILE = YES;
				INFOPLIST_FILE = Touchdown/Info.plist;
				INFOPLIST_KEY_UIApplicationSceneManifest_Generation = YES;
				INFOPLIST_KEY_UIApplicationSupportsIndirectInputEvents = YES;
				INFOPLIST_KEY_UISupportedInterfaceOrientations_iPad = "UIInterfaceOrientationPortrait UIInterfaceOrientationPortraitUpsideDown UIInterfaceOrientationLandscapeLeft UIInterfaceOrientationLandscapeRight";
				INFOPLIST_KEY_UISupportedInterfaceOrientations_iPhone = UIInterfaceOrientationPortrait;
				INFOPLIST_KEY_UIUserInterfaceStyle = Light;
				LD_RUNPATH_SEARCH_PATHS = (
					"$(inherited)",
					"@executable_path/Frameworks",
				);
				MARKETING_VERSION = 1.0;
				PRODUCT_BUNDLE_IDENTIFIER = com.jmb.Touchdown;
				PRODUCT_NAME = "$(TARGET_NAME)";
				SWIFT_EMIT_LOC_STRINGS = YES;
				SWIFT_VERSION = 5.0;
				TARGETED_DEVICE_FAMILY = "1,2";
			};
			name = Debug;
		};
		B6A8D4BC2873EE1D00EE0ACD /* Release */ = {
			isa = XCBuildConfiguration;
			buildSettings = {
				ASSETCATALOG_COMPILER_APPICON_NAME = AppIcon;
				ASSETCATALOG_COMPILER_GLOBAL_ACCENT_COLOR_NAME = AccentColor;
				CODE_SIGN_STYLE = Automatic;
				CURRENT_PROJECT_VERSION = 1;
				DEVELOPMENT_ASSET_PATHS = "\"Touchdown/Preview Content\"";
				DEVELOPMENT_TEAM = 9P49DMB5R9;
				ENABLE_PREVIEWS = YES;
				GENERATE_INFOPLIST_FILE = YES;
				INFOPLIST_FILE = Touchdown/Info.plist;
				INFOPLIST_KEY_UIApplicationSceneManifest_Generation = YES;
				INFOPLIST_KEY_UIApplicationSupportsIndirectInputEvents = YES;
				INFOPLIST_KEY_UISupportedInterfaceOrientations_iPad = "UIInterfaceOrientationPortrait UIInterfaceOrientationPortraitUpsideDown UIInterfaceOrientationLandscapeLeft UIInterfaceOrientationLandscapeRight";
				INFOPLIST_KEY_UISupportedInterfaceOrientations_iPhone = UIInterfaceOrientationPortrait;
				INFOPLIST_KEY_UIUserInterfaceStyle = Light;
				LD_RUNPATH_SEARCH_PATHS = (
					"$(inherited)",
					"@executable_path/Frameworks",
				);
				MARKETING_VERSION = 1.0;
				PRODUCT_BUNDLE_IDENTIFIER = com.jmb.Touchdown;
				PRODUCT_NAME = "$(TARGET_NAME)";
				SWIFT_EMIT_LOC_STRINGS = YES;
				SWIFT_VERSION = 5.0;
				TARGETED_DEVICE_FAMILY = "1,2";
			};
			name = Release;
		};
/* End XCBuildConfiguration section */

/* Begin XCConfigurationList section */
		B6A8D4A72873EE1900EE0ACD /* Build configuration list for PBXProject "Touchdown" */ = {
			isa = XCConfigurationList;
			buildConfigurations = (
				B6A8D4B82873EE1D00EE0ACD /* Debug */,
				B6A8D4B92873EE1D00EE0ACD /* Release */,
			);
			defaultConfigurationIsVisible = 0;
			defaultConfigurationName = Release;
		};
		B6A8D4BA2873EE1D00EE0ACD /* Build configuration list for PBXNativeTarget "Touchdown" */ = {
			isa = XCConfigurationList;
			buildConfigurations = (
				B6A8D4BB2873EE1D00EE0ACD /* Debug */,
				B6A8D4BC2873EE1D00EE0ACD /* Release */,
			);
			defaultConfigurationIsVisible = 0;
			defaultConfigurationName = Release;
		};
/* End XCConfigurationList section */
	};
	rootObject = B6A8D4A42873EE1900EE0ACD /* Project object */;
}
